
Microsoft Visual Studio Solution File, Format Version 12.00
# Visual Studio Version 17
VisualStudioVersion = 17.3.32901.215
MinimumVisualStudioVersion = 10.0.40219.1
Project("{9A19103F-16F7-4668-BE54-9A1E7A4F7556}") = "Polymorphism", "Polymorphism\Polymorphism.csproj", "{81C9D7AC-0916-40B6-ACFC-D8CAE8BAC46A}"
EndProject
Project("{9A19103F-16F7-4668-BE54-9A1E7A4F7556}") = "Demo_OOP01", "Demo_OOP01\Demo_OOP01.csproj", "{97C29F28-10DF-4F5C-994E-F68F950F9FBF}"
EndProject
Project("{9A19103F-16F7-4668-BE54-9A1E7A4F7556}") = "intterface", "intterface\intterface.csproj", "{2B08D464-0FA1-4444-BC18-0BD363C6DB17}"
EndProject
Project("{9A19103F-16F7-4668-BE54-9A1E7A4F7556}") = "CS_lambda", "CS_lambda\CS_lambda.csproj", "{EF462B03-4518-48FE-ACAF-B58F21E466F9}"
EndProject
Project("{9A19103F-16F7-4668-BE54-9A1E7A4F7556}") = "Event", "Event\Event.csproj", "{02448A78-C688-44D1-83DA-2E524002EA28}"
EndProject
Project("{9A19103F-16F7-4668-BE54-9A1E7A4F7556}") = "CS_ExtensionMethod", "CS_ExtensionMethod\CS_ExtensionMethod.csproj", "{CB56AD6C-EDA3-4AE3-A58C-BF86FF08DC6D}"
EndProject
Project("{9A19103F-16F7-4668-BE54-9A1E7A4F7556}") = "MyLib", "MyLib\MyLib.csproj", "{638BE108-E899-4B58-B4A1-53B4545A265A}"
EndProject
Project("{9A19103F-16F7-4668-BE54-9A1E7A4F7556}") = "CS_017", "CS_017\CS_017.csproj", "{9675FFEC-4B52-45C0-B78C-5AD6C7BB633F}"
EndProject
Project("{9A19103F-16F7-4668-BE54-9A1E7A4F7556}") = "CS_Exception", "CS_Exception\CS_Exception.csproj", "{F0BEC8DF-04EC-450E-8CEC-676C006A439D}"
EndProject
Project("{9A19103F-16F7-4668-BE54-9A1E7A4F7556}") = "CS_IDisposable", "CS_IDisposable\CS_IDisposable.csproj", "{A2E527F5-F9E2-4FED-BBE8-5192750E02F9}"
EndProject
Project("{9A19103F-16F7-4668-BE54-9A1E7A4F7556}") = "CS_FileExxeample", "CS_FileExxeample\CS_FileExxeample.csproj", "{82A9C54D-7F03-4931-A988-44FF2A919E3D}"
EndProject
Project("{9A19103F-16F7-4668-BE54-9A1E7A4F7556}") = "CS_ListExample", "ConsoleApp1\CS_ListExample.csproj", "{A083E7AE-B646-4A6D-BB68-B863B6656B3A}"
EndProject
Project("{9A19103F-16F7-4668-BE54-9A1E7A4F7556}") = "CS_Queue", "CS_Queue\CS_Queue.csproj", "{7F1822D5-0E51-42FC-B027-7E379212FB46}"
EndProject
Project("{9A19103F-16F7-4668-BE54-9A1E7A4F7556}") = "CS_Linqexample", "linqexample\CS_Linqexample.csproj", "{BE663D54-1065-496B-918F-17FAB4951535}"
EndProject
Project("{9A19103F-16F7-4668-BE54-9A1E7A4F7556}") = "Demo_Delegate_Example", "Demo_Delegate_Example\Demo_Delegate_Example.csproj", "{CFD27C0E-E0A2-41AF-B774-81BE735D026F}"
EndProject
Project("{9A19103F-16F7-4668-BE54-9A1E7A4F7556}") = "Demo_Lambda_Example", "Demo_Lambda_Example\Demo_Lambda_Example.csproj", "{7E65AAF0-30C1-4801-8E52-A2E10A9926CD}"
EndProject
Project("{9A19103F-16F7-4668-BE54-9A1E7A4F7556}") = "Demo_Event_Example", "Demo_Event_Example\Demo_Event_Example.csproj", "{D0BF5FB5-EF76-462B-8340-81F6BC188043}"
EndProject
Project("{FAE04EC0-301F-11D3-BF4B-00C04F79EFBC}") = "CS_Asynchronous", "CS_Asynchronous\CS_Asynchronous.csproj", "{DD5A109E-A34C-4C93-BA8A-11F55367430E}"
EndProject
Global
	GlobalSection(SolutionConfigurationPlatforms) = preSolution
		Debug|Any CPU = Debug|Any CPU
		Release|Any CPU = Release|Any CPU
	EndGlobalSection
	GlobalSection(ProjectConfigurationPlatforms) = postSolution
		{81C9D7AC-0916-40B6-ACFC-D8CAE8BAC46A}.Debug|Any CPU.ActiveCfg = Debug|Any CPU
		{81C9D7AC-0916-40B6-ACFC-D8CAE8BAC46A}.Debug|Any CPU.Build.0 = Debug|Any CPU
		{81C9D7AC-0916-40B6-ACFC-D8CAE8BAC46A}.Release|Any CPU.ActiveCfg = Release|Any CPU
		{81C9D7AC-0916-40B6-ACFC-D8CAE8BAC46A}.Release|Any CPU.Build.0 = Release|Any CPU
		{97C29F28-10DF-4F5C-994E-F68F950F9FBF}.Debug|Any CPU.ActiveCfg = Debug|Any CPU
		{97C29F28-10DF-4F5C-994E-F68F950F9FBF}.Debug|Any CPU.Build.0 = Debug|Any CPU
		{97C29F28-10DF-4F5C-994E-F68F950F9FBF}.Release|Any CPU.ActiveCfg = Release|Any CPU
		{97C29F28-10DF-4F5C-994E-F68F950F9FBF}.Release|Any CPU.Build.0 = Release|Any CPU
		{2B08D464-0FA1-4444-BC18-0BD363C6DB17}.Debug|Any CPU.ActiveCfg = Debug|Any CPU
		{2B08D464-0FA1-4444-BC18-0BD363C6DB17}.Debug|Any CPU.Build.0 = Debug|Any CPU
		{2B08D464-0FA1-4444-BC18-0BD363C6DB17}.Release|Any CPU.ActiveCfg = Release|Any CPU
		{2B08D464-0FA1-4444-BC18-0BD363C6DB17}.Release|Any CPU.Build.0 = Release|Any CPU
		{EF462B03-4518-48FE-ACAF-B58F21E466F9}.Debug|Any CPU.ActiveCfg = Debug|Any CPU
		{EF462B03-4518-48FE-ACAF-B58F21E466F9}.Debug|Any CPU.Build.0 = Debug|Any CPU
		{EF462B03-4518-48FE-ACAF-B58F21E466F9}.Release|Any CPU.ActiveCfg = Release|Any CPU
		{EF462B03-4518-48FE-ACAF-B58F21E466F9}.Release|Any CPU.Build.0 = Release|Any CPU
		{02448A78-C688-44D1-83DA-2E524002EA28}.Debug|Any CPU.ActiveCfg = Debug|Any CPU
		{02448A78-C688-44D1-83DA-2E524002EA28}.Debug|Any CPU.Build.0 = Debug|Any CPU
		{02448A78-C688-44D1-83DA-2E524002EA28}.Release|Any CPU.ActiveCfg = Release|Any CPU
		{02448A78-C688-44D1-83DA-2E524002EA28}.Release|Any CPU.Build.0 = Release|Any CPU
		{CB56AD6C-EDA3-4AE3-A58C-BF86FF08DC6D}.Debug|Any CPU.ActiveCfg = Debug|Any CPU
		{CB56AD6C-EDA3-4AE3-A58C-BF86FF08DC6D}.Debug|Any CPU.Build.0 = Debug|Any CPU
		{CB56AD6C-EDA3-4AE3-A58C-BF86FF08DC6D}.Release|Any CPU.ActiveCfg = Release|Any CPU
		{CB56AD6C-EDA3-4AE3-A58C-BF86FF08DC6D}.Release|Any CPU.Build.0 = Release|Any CPU
		{638BE108-E899-4B58-B4A1-53B4545A265A}.Debug|Any CPU.ActiveCfg = Debug|Any CPU
		{638BE108-E899-4B58-B4A1-53B4545A265A}.Debug|Any CPU.Build.0 = Debug|Any CPU
		{638BE108-E899-4B58-B4A1-53B4545A265A}.Release|Any CPU.ActiveCfg = Release|Any CPU
		{638BE108-E899-4B58-B4A1-53B4545A265A}.Release|Any CPU.Build.0 = Release|Any CPU
		{9675FFEC-4B52-45C0-B78C-5AD6C7BB633F}.Debug|Any CPU.ActiveCfg = Debug|Any CPU
		{9675FFEC-4B52-45C0-B78C-5AD6C7BB633F}.Debug|Any CPU.Build.0 = Debug|Any CPU
		{9675FFEC-4B52-45C0-B78C-5AD6C7BB633F}.Release|Any CPU.ActiveCfg = Release|Any CPU
		{9675FFEC-4B52-45C0-B78C-5AD6C7BB633F}.Release|Any CPU.Build.0 = Release|Any CPU
		{F0BEC8DF-04EC-450E-8CEC-676C006A439D}.Debug|Any CPU.ActiveCfg = Debug|Any CPU
		{F0BEC8DF-04EC-450E-8CEC-676C006A439D}.Debug|Any CPU.Build.0 = Debug|Any CPU
		{F0BEC8DF-04EC-450E-8CEC-676C006A439D}.Release|Any CPU.ActiveCfg = Release|Any CPU
		{F0BEC8DF-04EC-450E-8CEC-676C006A439D}.Release|Any CPU.Build.0 = Release|Any CPU
		{A2E527F5-F9E2-4FED-BBE8-5192750E02F9}.Debug|Any CPU.ActiveCfg = Debug|Any CPU
		{A2E527F5-F9E2-4FED-BBE8-5192750E02F9}.Debug|Any CPU.Build.0 = Debug|Any CPU
		{A2E527F5-F9E2-4FED-BBE8-5192750E02F9}.Release|Any CPU.ActiveCfg = Release|Any CPU
		{A2E527F5-F9E2-4FED-BBE8-5192750E02F9}.Release|Any CPU.Build.0 = Release|Any CPU
		{82A9C54D-7F03-4931-A988-44FF2A919E3D}.Debug|Any CPU.ActiveCfg = Debug|Any CPU
		{82A9C54D-7F03-4931-A988-44FF2A919E3D}.Debug|Any CPU.Build.0 = Debug|Any CPU
		{82A9C54D-7F03-4931-A988-44FF2A919E3D}.Release|Any CPU.ActiveCfg = Release|Any CPU
		{82A9C54D-7F03-4931-A988-44FF2A919E3D}.Release|Any CPU.Build.0 = Release|Any CPU
		{A083E7AE-B646-4A6D-BB68-B863B6656B3A}.Debug|Any CPU.ActiveCfg = Debug|Any CPU
		{A083E7AE-B646-4A6D-BB68-B863B6656B3A}.Debug|Any CPU.Build.0 = Debug|Any CPU
		{A083E7AE-B646-4A6D-BB68-B863B6656B3A}.Release|Any CPU.ActiveCfg = Release|Any CPU
		{A083E7AE-B646-4A6D-BB68-B863B6656B3A}.Release|Any CPU.Build.0 = Release|Any CPU
		{7F1822D5-0E51-42FC-B027-7E379212FB46}.Debug|Any CPU.ActiveCfg = Debug|Any CPU
		{7F1822D5-0E51-42FC-B027-7E379212FB46}.Debug|Any CPU.Build.0 = Debug|Any CPU
		{7F1822D5-0E51-42FC-B027-7E379212FB46}.Release|Any CPU.ActiveCfg = Release|Any CPU
		{7F1822D5-0E51-42FC-B027-7E379212FB46}.Release|Any CPU.Build.0 = Release|Any CPU
		{BE663D54-1065-496B-918F-17FAB4951535}.Debug|Any CPU.ActiveCfg = Debug|Any CPU
		{BE663D54-1065-496B-918F-17FAB4951535}.Debug|Any CPU.Build.0 = Debug|Any CPU
		{BE663D54-1065-496B-918F-17FAB4951535}.Release|Any CPU.ActiveCfg = Release|Any CPU
		{BE663D54-1065-496B-918F-17FAB4951535}.Release|Any CPU.Build.0 = Release|Any CPU
		{CFD27C0E-E0A2-41AF-B774-81BE735D026F}.Debug|Any CPU.ActiveCfg = Debug|Any CPU
		{CFD27C0E-E0A2-41AF-B774-81BE735D026F}.Debug|Any CPU.Build.0 = Debug|Any CPU
		{CFD27C0E-E0A2-41AF-B774-81BE735D026F}.Release|Any CPU.ActiveCfg = Release|Any CPU
		{CFD27C0E-E0A2-41AF-B774-81BE735D026F}.Release|Any CPU.Build.0 = Release|Any CPU
		{7E65AAF0-30C1-4801-8E52-A2E10A9926CD}.Debug|Any CPU.ActiveCfg = Debug|Any CPU
		{7E65AAF0-30C1-4801-8E52-A2E10A9926CD}.Debug|Any CPU.Build.0 = Debug|Any CPU
		{7E65AAF0-30C1-4801-8E52-A2E10A9926CD}.Release|Any CPU.ActiveCfg = Release|Any CPU
		{7E65AAF0-30C1-4801-8E52-A2E10A9926CD}.Release|Any CPU.Build.0 = Release|Any CPU
		{D0BF5FB5-EF76-462B-8340-81F6BC188043}.Debug|Any CPU.ActiveCfg = Debug|Any CPU
		{D0BF5FB5-EF76-462B-8340-81F6BC188043}.Debug|Any CPU.Build.0 = Debug|Any CPU
		{D0BF5FB5-EF76-462B-8340-81F6BC188043}.Release|Any CPU.ActiveCfg = Release|Any CPU
		{D0BF5FB5-EF76-462B-8340-81F6BC188043}.Release|Any CPU.Build.0 = Release|Any CPU
		{DD5A109E-A34C-4C93-BA8A-11F55367430E}.Debug|Any CPU.ActiveCfg = Debug|Any CPU
		{DD5A109E-A34C-4C93-BA8A-11F55367430E}.Debug|Any CPU.Build.0 = Debug|Any CPU
		{DD5A109E-A34C-4C93-BA8A-11F55367430E}.Release|Any CPU.ActiveCfg = Release|Any CPU
		{DD5A109E-A34C-4C93-BA8A-11F55367430E}.Release|Any CPU.Build.0 = Release|Any CPU
	EndGlobalSection
	GlobalSection(SolutionProperties) = preSolution
		HideSolutionNode = FALSE
	EndGlobalSection
	GlobalSection(ExtensibilityGlobals) = postSolution
		SolutionGuid = {FF1880E2-E1A4-4EAF-8F8C-B5910A679201}
	EndGlobalSection
EndGlobal
